// !$*UTF8*$!
{
	archiveVersion = 1;
	classes = {
	};
	objectVersion = 46;
	objects = {

/* Begin PBXBuildFile section */
		42A6ECD31B4026A0006540E8 /* libUIImageView+ALActivityIndicatorView.a in Frameworks */ = {isa = PBXBuildFile; fileRef = 42A6ECC71B4026A0006540E8 /* libUIImageView+ALActivityIndicatorView.a */; };
		42A6ECE31B4026B1006540E8 /* UIImageView+ALActivityIndicatorView.m in Sources */ = {isa = PBXBuildFile; fileRef = 42A6ECE21B4026B1006540E8 /* UIImageView+ALActivityIndicatorView.m */; };
		42A6ECE51B402722006540E8 /* UIImageView+ALActivityIndicatorViewTests.m in Sources */ = {isa = PBXBuildFile; fileRef = 42A6ECE41B402722006540E8 /* UIImageView+ALActivityIndicatorViewTests.m */; };
		8452E2049EC3AF9AE1B2D246 /* libPods-UIImageView+ALActivityIndicatorView.a in Frameworks */ = {isa = PBXBuildFile; fileRef = 1063212568A3D18FAF96241C /* libPods-UIImageView+ALActivityIndicatorView.a */; };
		F0731A6690FC98C1E8BBF336 /* libPods-UIImageView+ALActivityIndicatorViewTests.a in Frameworks */ = {isa = PBXBuildFile; fileRef = D510607FB18CFE0177C2FA97 /* libPods-UIImageView+ALActivityIndicatorViewTests.a */; };
/* End PBXBuildFile section */

/* Begin PBXContainerItemProxy section */
		42A6ECD41B4026A0006540E8 /* PBXContainerItemProxy */ = {
			isa = PBXContainerItemProxy;
			containerPortal = 42A6ECBF1B4026A0006540E8 /* Project object */;
			proxyType = 1;
			remoteGlobalIDString = 42A6ECC61B4026A0006540E8;
			remoteInfo = "UIImageView+ALActivityIndicatorView";
		};
/* End PBXContainerItemProxy section */

/* Begin PBXCopyFilesBuildPhase section */
		42A6ECC51B4026A0006540E8 /* CopyFiles */ = {
			isa = PBXCopyFilesBuildPhase;
			buildActionMask = 2147483647;
			dstPath = "include/$(PRODUCT_NAME)";
			dstSubfolderSpec = 16;
			files = (
			);
			runOnlyForDeploymentPostprocessing = 0;
		};
/* End PBXCopyFilesBuildPhase section */

/* Begin PBXFileReference section */
		1063212568A3D18FAF96241C /* libPods-UIImageView+ALActivityIndicatorView.a */ = {isa = PBXFileReference; explicitFileType = archive.ar; includeInIndex = 0; path = "libPods-UIImageView+ALActivityIndicatorView.a"; sourceTree = BUILT_PRODUCTS_DIR; };
		42A6ECC71B4026A0006540E8 /* libUIImageView+ALActivityIndicatorView.a */ = {isa = PBXFileReference; explicitFileType = archive.ar; includeInIndex = 0; path = "libUIImageView+ALActivityIndicatorView.a"; sourceTree = BUILT_PRODUCTS_DIR; };
		42A6ECD21B4026A0006540E8 /* UIImageView+ALActivityIndicatorViewTests.xctest */ = {isa = PBXFileReference; explicitFileType = wrapper.cfbundle; includeInIndex = 0; path = "UIImageView+ALActivityIndicatorViewTests.xctest"; sourceTree = BUILT_PRODUCTS_DIR; };
		42A6ECD81B4026A0006540E8 /* Info.plist */ = {isa = PBXFileReference; lastKnownFileType = text.plist.xml; path = Info.plist; sourceTree = "<group>"; };
		42A6ECE11B4026B1006540E8 /* UIImageView+ALActivityIndicatorView.h */ = {isa = PBXFileReference; fileEncoding = 4; lastKnownFileType = sourcecode.c.h; path = "UIImageView+ALActivityIndicatorView.h"; sourceTree = "<group>"; };
		42A6ECE21B4026B1006540E8 /* UIImageView+ALActivityIndicatorView.m */ = {isa = PBXFileReference; fileEncoding = 4; lastKnownFileType = sourcecode.c.objc; path = "UIImageView+ALActivityIndicatorView.m"; sourceTree = "<group>"; };
		42A6ECE41B402722006540E8 /* UIImageView+ALActivityIndicatorViewTests.m */ = {isa = PBXFileReference; fileEncoding = 4; lastKnownFileType = sourcecode.c.objc; path = "UIImageView+ALActivityIndicatorViewTests.m"; sourceTree = "<group>"; };
		583615D989C9EE93C551E2DB /* Pods-UIImageView+ALActivityIndicatorViewTests.release.xcconfig */ = {isa = PBXFileReference; includeInIndex = 1; lastKnownFileType = text.xcconfig; name = "Pods-UIImageView+ALActivityIndicatorViewTests.release.xcconfig"; path = "Pods/Target Support Files/Pods-UIImageView+ALActivityIndicatorViewTests/Pods-UIImageView+ALActivityIndicatorViewTests.release.xcconfig"; sourceTree = "<group>"; };
		606F7EE6516FE1620D5ABD98 /* Pods-UIImageView+ALActivityIndicatorViewTests.debug.xcconfig */ = {isa = PBXFileReference; includeInIndex = 1; lastKnownFileType = text.xcconfig; name = "Pods-UIImageView+ALActivityIndicatorViewTests.debug.xcconfig"; path = "Pods/Target Support Files/Pods-UIImageView+ALActivityIndicatorViewTests/Pods-UIImageView+ALActivityIndicatorViewTests.debug.xcconfig"; sourceTree = "<group>"; };
		7254E3BF3265AC3B774FD766 /* Pods-UIImageView+ALActivityIndicatorView.debug.xcconfig */ = {isa = PBXFileReference; includeInIndex = 1; lastKnownFileType = text.xcconfig; name = "Pods-UIImageView+ALActivityIndicatorView.debug.xcconfig"; path = "Pods/Target Support Files/Pods-UIImageView+ALActivityIndicatorView/Pods-UIImageView+ALActivityIndicatorView.debug.xcconfig"; sourceTree = "<group>"; };
		D510607FB18CFE0177C2FA97 /* libPods-UIImageView+ALActivityIndicatorViewTests.a */ = {isa = PBXFileReference; explicitFileType = archive.ar; includeInIndex = 0; path = "libPods-UIImageView+ALActivityIndicatorViewTests.a"; sourceTree = BUILT_PRODUCTS_DIR; };
		E1BC93D88584F0F94ED7648C /* Pods-UIImageView+ALActivityIndicatorView.release.xcconfig */ = {isa = PBXFileReference; includeInIndex = 1; lastKnownFileType = text.xcconfig; name = "Pods-UIImageView+ALActivityIndicatorView.release.xcconfig"; path = "Pods/Target Support Files/Pods-UIImageView+ALActivityIndicatorView/Pods-UIImageView+ALActivityIndicatorView.release.xcconfig"; sourceTree = "<group>"; };
/* End PBXFileReference section */

/* Begin PBXFrameworksBuildPhase section */
		42A6ECC41B4026A0006540E8 /* Frameworks */ = {
			isa = PBXFrameworksBuildPhase;
			buildActionMask = 2147483647;
			files = (
				8452E2049EC3AF9AE1B2D246 /* libPods-UIImageView+ALActivityIndicatorView.a in Frameworks */,
			);
			runOnlyForDeploymentPostprocessing = 0;
		};
		42A6ECCF1B4026A0006540E8 /* Frameworks */ = {
			isa = PBXFrameworksBuildPhase;
			buildActionMask = 2147483647;
			files = (
				42A6ECD31B4026A0006540E8 /* libUIImageView+ALActivityIndicatorView.a in Frameworks */,
				F0731A6690FC98C1E8BBF336 /* libPods-UIImageView+ALActivityIndicatorViewTests.a in Frameworks */,
			);
			runOnlyForDeploymentPostprocessing = 0;
		};
/* End PBXFrameworksBuildPhase section */

/* Begin PBXGroup section */
		42A6ECBE1B4026A0006540E8 = {
			isa = PBXGroup;
			children = (
				42A6ECC91B4026A0006540E8 /* UIImageView+ALActivityIndicatorView */,
				42A6ECD61B4026A0006540E8 /* UIImageView+ALActivityIndicatorViewTests */,
				42A6ECC81B4026A0006540E8 /* Products */,
				98D1AF0357A38140C4CF00E4 /* Pods */,
				80E70C1985B7BD136FCA7AE0 /* Frameworks */,
			);
			sourceTree = "<group>";
		};
		42A6ECC81B4026A0006540E8 /* Products */ = {
			isa = PBXGroup;
			children = (
				42A6ECC71B4026A0006540E8 /* libUIImageView+ALActivityIndicatorView.a */,
				42A6ECD21B4026A0006540E8 /* UIImageView+ALActivityIndicatorViewTests.xctest */,
			);
			name = Products;
			sourceTree = "<group>";
		};
		42A6ECC91B4026A0006540E8 /* UIImageView+ALActivityIndicatorView */ = {
			isa = PBXGroup;
			children = (
				42A6ECE11B4026B1006540E8 /* UIImageView+ALActivityIndicatorView.h */,
				42A6ECE21B4026B1006540E8 /* UIImageView+ALActivityIndicatorView.m */,
			);
			path = "UIImageView+ALActivityIndicatorView";
			sourceTree = "<group>";
		};
		42A6ECD61B4026A0006540E8 /* UIImageView+ALActivityIndicatorViewTests */ = {
			isa = PBXGroup;
			children = (
				42A6ECE41B402722006540E8 /* UIImageView+ALActivityIndicatorViewTests.m */,
				42A6ECD71B4026A0006540E8 /* Supporting Files */,
			);
			path = "UIImageView+ALActivityIndicatorViewTests";
			sourceTree = "<group>";
		};
		42A6ECD71B4026A0006540E8 /* Supporting Files */ = {
			isa = PBXGroup;
			children = (
				42A6ECD81B4026A0006540E8 /* Info.plist */,
			);
			name = "Supporting Files";
			sourceTree = "<group>";
		};
		80E70C1985B7BD136FCA7AE0 /* Frameworks */ = {
			isa = PBXGroup;
			children = (
				1063212568A3D18FAF96241C /* libPods-UIImageView+ALActivityIndicatorView.a */,
				D510607FB18CFE0177C2FA97 /* libPods-UIImageView+ALActivityIndicatorViewTests.a */,
			);
			name = Frameworks;
			sourceTree = "<group>";
		};
		98D1AF0357A38140C4CF00E4 /* Pods */ = {
			isa = PBXGroup;
			children = (
				7254E3BF3265AC3B774FD766 /* Pods-UIImageView+ALActivityIndicatorView.debug.xcconfig */,
				E1BC93D88584F0F94ED7648C /* Pods-UIImageView+ALActivityIndicatorView.release.xcconfig */,
				606F7EE6516FE1620D5ABD98 /* Pods-UIImageView+ALActivityIndicatorViewTests.debug.xcconfig */,
				583615D989C9EE93C551E2DB /* Pods-UIImageView+ALActivityIndicatorViewTests.release.xcconfig */,
			);
			name = Pods;
			sourceTree = "<group>";
		};
/* End PBXGroup section */

/* Begin PBXNativeTarget section */
		42A6ECC61B4026A0006540E8 /* UIImageView+ALActivityIndicatorView */ = {
			isa = PBXNativeTarget;
			buildConfigurationList = 42A6ECDB1B4026A0006540E8 /* Build configuration list for PBXNativeTarget "UIImageView+ALActivityIndicatorView" */;
			buildPhases = (
				DD26F908AD636375CD52550B /* [CP] Check Pods Manifest.lock */,
				42A6ECC31B4026A0006540E8 /* Sources */,
				42A6ECC41B4026A0006540E8 /* Frameworks */,
				42A6ECC51B4026A0006540E8 /* CopyFiles */,
				AB298DE4179EBF61CF6F25B7 /* [CP] Copy Pods Resources */,
			);
			buildRules = (
			);
			dependencies = (
			);
			name = "UIImageView+ALActivityIndicatorView";
			productName = "UIImageView+ALActivityIndicatorView";
			productReference = 42A6ECC71B4026A0006540E8 /* libUIImageView+ALActivityIndicatorView.a */;
			productType = "com.apple.product-type.library.static";
		};
		42A6ECD11B4026A0006540E8 /* UIImageView+ALActivityIndicatorViewTests */ = {
			isa = PBXNativeTarget;
			buildConfigurationList = 42A6ECDE1B4026A0006540E8 /* Build configuration list for PBXNativeTarget "UIImageView+ALActivityIndicatorViewTests" */;
			buildPhases = (
				DAFD75EEFB6EEC77A8835196 /* [CP] Check Pods Manifest.lock */,
				42A6ECCE1B4026A0006540E8 /* Sources */,
				42A6ECCF1B4026A0006540E8 /* Frameworks */,
				42A6ECD01B4026A0006540E8 /* Resources */,
				73B1CB799A87F2F10280518B /* [CP] Embed Pods Frameworks */,
				C580E4ADD4285E130F580DC8 /* [CP] Copy Pods Resources */,
			);
			buildRules = (
			);
			dependencies = (
				42A6ECD51B4026A0006540E8 /* PBXTargetDependency */,
			);
			name = "UIImageView+ALActivityIndicatorViewTests";
			productName = "UIImageView+ALActivityIndicatorViewTests";
			productReference = 42A6ECD21B4026A0006540E8 /* UIImageView+ALActivityIndicatorViewTests.xctest */;
			productType = "com.apple.product-type.bundle.unit-test";
		};
/* End PBXNativeTarget section */

/* Begin PBXProject section */
		42A6ECBF1B4026A0006540E8 /* Project object */ = {
			isa = PBXProject;
			attributes = {
				LastUpgradeCheck = 0910;
				ORGANIZATIONNAME = "JRG-Developer";
				TargetAttributes = {
					42A6ECC61B4026A0006540E8 = {
						CreatedOnToolsVersion = 6.3.2;
					};
					42A6ECD11B4026A0006540E8 = {
						CreatedOnToolsVersion = 6.3.2;
					};
				};
			};
			buildConfigurationList = 42A6ECC21B4026A0006540E8 /* Build configuration list for PBXProject "UIImageView+ALActivityIndicatorView" */;
			compatibilityVersion = "Xcode 3.2";
			developmentRegion = English;
			hasScannedForEncodings = 0;
			knownRegions = (
				en,
			);
			mainGroup = 42A6ECBE1B4026A0006540E8;
			productRefGroup = 42A6ECC81B4026A0006540E8 /* Products */;
			projectDirPath = "";
			projectRoot = "";
			targets = (
				42A6ECC61B4026A0006540E8 /* UIImageView+ALActivityIndicatorView */,
				42A6ECD11B4026A0006540E8 /* UIImageView+ALActivityIndicatorViewTests */,
			);
		};
/* End PBXProject section */

/* Begin PBXResourcesBuildPhase section */
		42A6ECD01B4026A0006540E8 /* Resources */ = {
			isa = PBXResourcesBuildPhase;
			buildActionMask = 2147483647;
			files = (
			);
			runOnlyForDeploymentPostprocessing = 0;
		};
/* End PBXResourcesBuildPhase section */

/* Begin PBXShellScriptBuildPhase section */
		73B1CB799A87F2F10280518B /* [CP] Embed Pods Frameworks */ = {
			isa = PBXShellScriptBuildPhase;
			buildActionMask = 2147483647;
			files = (
			);
			inputPaths = (
			);
			name = "[CP] Embed Pods Frameworks";
			outputPaths = (
			);
			runOnlyForDeploymentPostprocessing = 0;
			shellPath = /bin/sh;
			shellScript = "\"${SRCROOT}/Pods/Target Support Files/Pods-UIImageView+ALActivityIndicatorViewTests/Pods-UIImageView+ALActivityIndicatorViewTests-frameworks.sh\"\n";
			showEnvVarsInLog = 0;
		};
		AB298DE4179EBF61CF6F25B7 /* [CP] Copy Pods Resources */ = {
			isa = PBXShellScriptBuildPhase;
			buildActionMask = 2147483647;
			files = (
			);
			inputPaths = (
			);
			name = "[CP] Copy Pods Resources";
			outputPaths = (
			);
			runOnlyForDeploymentPostprocessing = 0;
			shellPath = /bin/sh;
			shellScript = "\"${SRCROOT}/Pods/Target Support Files/Pods-UIImageView+ALActivityIndicatorView/Pods-UIImageView+ALActivityIndicatorView-resources.sh\"\n";
			showEnvVarsInLog = 0;
		};
		C580E4ADD4285E130F580DC8 /* [CP] Copy Pods Resources */ = {
			isa = PBXShellScriptBuildPhase;
			buildActionMask = 2147483647;
			files = (
			);
			inputPaths = (
			);
			name = "[CP] Copy Pods Resources";
			outputPaths = (
			);
			runOnlyForDeploymentPostprocessing = 0;
			shellPath = /bin/sh;
			shellScript = "\"${SRCROOT}/Pods/Target Support Files/Pods-UIImageView+ALActivityIndicatorViewTests/Pods-UIImageView+ALActivityIndicatorViewTests-resources.sh\"\n";
			showEnvVarsInLog = 0;
		};
		DAFD75EEFB6EEC77A8835196 /* [CP] Check Pods Manifest.lock */ = {
			isa = PBXShellScriptBuildPhase;
			buildActionMask = 2147483647;
			files = (
			);
			inputPaths = (
				"${PODS_PODFILE_DIR_PATH}/Podfile.lock",
				"${PODS_ROOT}/Manifest.lock",
			);
			name = "[CP] Check Pods Manifest.lock";
			outputPaths = (
				"$(DERIVED_FILE_DIR)/Pods-UIImageView+ALActivityIndicatorViewTests-checkManifestLockResult.txt",
			);
			runOnlyForDeploymentPostprocessing = 0;
			shellPath = /bin/sh;
			shellScript = "diff \"${PODS_PODFILE_DIR_PATH}/Podfile.lock\" \"${PODS_ROOT}/Manifest.lock\" > /dev/null\nif [ $? != 0 ] ; then\n    # print error to STDERR\n    echo \"error: The sandbox is not in sync with the Podfile.lock. Run 'pod install' or update your CocoaPods installation.\" >&2\n    exit 1\nfi\n# This output is used by Xcode 'outputs' to avoid re-running this script phase.\necho \"SUCCESS\" > \"${SCRIPT_OUTPUT_FILE_0}\"\n";
			showEnvVarsInLog = 0;
		};
		DD26F908AD636375CD52550B /* [CP] Check Pods Manifest.lock */ = {
			isa = PBXShellScriptBuildPhase;
			buildActionMask = 2147483647;
			files = (
			);
			inputPaths = (
				"${PODS_PODFILE_DIR_PATH}/Podfile.lock",
				"${PODS_ROOT}/Manifest.lock",
			);
			name = "[CP] Check Pods Manifest.lock";
			outputPaths = (
				"$(DERIVED_FILE_DIR)/Pods-UIImageView+ALActivityIndicatorView-checkManifestLockResult.txt",
			);
			runOnlyForDeploymentPostprocessing = 0;
			shellPath = /bin/sh;
			shellScript = "diff \"${PODS_PODFILE_DIR_PATH}/Podfile.lock\" \"${PODS_ROOT}/Manifest.lock\" > /dev/null\nif [ $? != 0 ] ; then\n    # print error to STDERR\n    echo \"error: The sandbox is not in sync with the Podfile.lock. Run 'pod install' or update your CocoaPods installation.\" >&2\n    exit 1\nfi\n# This output is used by Xcode 'outputs' to avoid re-running this script phase.\necho \"SUCCESS\" > \"${SCRIPT_OUTPUT_FILE_0}\"\n";
			showEnvVarsInLog = 0;
		};
/* End PBXShellScriptBuildPhase section */

/* Begin PBXSourcesBuildPhase section */
		42A6ECC31B4026A0006540E8 /* Sources */ = {
			isa = PBXSourcesBuildPhase;
			buildActionMask = 2147483647;
			files = (
				42A6ECE31B4026B1006540E8 /* UIImageView+ALActivityIndicatorView.m in Sources */,
			);
			runOnlyForDeploymentPostprocessing = 0;
		};
		42A6ECCE1B4026A0006540E8 /* Sources */ = {
			isa = PBXSourcesBuildPhase;
			buildActionMask = 2147483647;
			files = (
				42A6ECE51B402722006540E8 /* UIImageView+ALActivityIndicatorViewTests.m in Sources */,
			);
			runOnlyForDeploymentPostprocessing = 0;
		};
/* End PBXSourcesBuildPhase section */

/* Begin PBXTargetDependency section */
		42A6ECD51B4026A0006540E8 /* PBXTargetDependency */ = {
			isa = PBXTargetDependency;
			target = 42A6ECC61B4026A0006540E8 /* UIImageView+ALActivityIndicatorView */;
			targetProxy = 42A6ECD41B4026A0006540E8 /* PBXContainerItemProxy */;
		};
/* End PBXTargetDependency section */

/* Begin XCBuildConfiguration section */
		42A6ECD91B4026A0006540E8 /* Debug */ = {
			isa = XCBuildConfiguration;
			buildSettings = {
				ALWAYS_SEARCH_USER_PATHS = NO;
				CLANG_CXX_LANGUAGE_STANDARD = "gnu++0x";
				CLANG_CXX_LIBRARY = "libc++";
				CLANG_ENABLE_MODULES = YES;
				CLANG_ENABLE_OBJC_ARC = YES;
				CLANG_WARN_BLOCK_CAPTURE_AUTORELEASING = YES;
				CLANG_WARN_BOOL_CONVERSION = YES;
				CLANG_WARN_COMMA = YES;
				CLANG_WARN_CONSTANT_CONVERSION = YES;
				CLANG_WARN_DIRECT_OBJC_ISA_USAGE = YES_ERROR;
				CLANG_WARN_EMPTY_BODY = YES;
				CLANG_WARN_ENUM_CONVERSION = YES;
				CLANG_WARN_INFINITE_RECURSION = YES;
				CLANG_WARN_INT_CONVERSION = YES;
				CLANG_WARN_NON_LITERAL_NULL_CONVERSION = YES;
				CLANG_WARN_OBJC_LITERAL_CONVERSION = YES;
				CLANG_WARN_OBJC_ROOT_CLASS = YES_ERROR;
				CLANG_WARN_RANGE_LOOP_ANALYSIS = YES;
				CLANG_WARN_STRICT_PROTOTYPES = YES;
				CLANG_WARN_SUSPICIOUS_MOVE = YES;
				CLANG_WARN_UNREACHABLE_CODE = YES;
				CLANG_WARN__DUPLICATE_METHOD_MATCH = YES;
				COPY_PHASE_STRIP = NO;
				DEBUG_INFORMATION_FORMAT = "dwarf-with-dsym";
				ENABLE_STRICT_OBJC_MSGSEND = YES;
				ENABLE_TESTABILITY = YES;
				GCC_C_LANGUAGE_STANDARD = gnu99;
				GCC_DYNAMIC_NO_PIC = NO;
				GCC_NO_COMMON_BLOCKS = YES;
				GCC_OPTIMIZATION_LEVEL = 0;
				GCC_PREPROCESSOR_DEFINITIONS = (
					"DEBUG=1",
					"$(inherited)",
				);
				GCC_SYMBOLS_PRIVATE_EXTERN = NO;
				GCC_WARN_64_TO_32_BIT_CONVERSION = YES;
				GCC_WARN_ABOUT_RETURN_TYPE = YES_ERROR;
				GCC_WARN_UNDECLARED_SELECTOR = YES;
				GCC_WARN_UNINITIALIZED_AUTOS = YES_AGGRESSIVE;
				GCC_WARN_UNUSED_FUNCTION = YES;
				GCC_WARN_UNUSED_VARIABLE = YES;
				IPHONEOS_DEPLOYMENT_TARGET = 8.3;
				MTL_ENABLE_DEBUG_INFO = YES;
				ONLY_ACTIVE_ARCH = YES;
				SDKROOT = iphoneos;
			};
			name = Debug;
		};
		42A6ECDA1B4026A0006540E8 /* Release */ = {
			isa = XCBuildConfiguration;
			buildSettings = {
				ALWAYS_SEARCH_USER_PATHS = NO;
				CLANG_CXX_LANGUAGE_STANDARD = "gnu++0x";
				CLANG_CXX_LIBRARY = "libc++";
				CLANG_ENABLE_MODULES = YES;
				CLANG_ENABLE_OBJC_ARC = YES;
				CLANG_WARN_BLOCK_CAPTURE_AUTORELEASING = YES;
				CLANG_WARN_BOOL_CONVERSION = YES;
				CLANG_WARN_COMMA = YES;
				CLANG_WARN_CONSTANT_CONVERSION = YES;
				CLANG_WARN_DIRECT_OBJC_ISA_USAGE = YES_ERROR;
				CLANG_WARN_EMPTY_BODY = YES;
				CLANG_WARN_ENUM_CONVERSION = YES;
				CLANG_WARN_INFINITE_RECURSION = YES;
				CLANG_WARN_INT_CONVERSION = YES;
				CLANG_WARN_NON_LITERAL_NULL_CONVERSION = YES;
				CLANG_WARN_OBJC_LITERAL_CONVERSION = YES;
				CLANG_WARN_OBJC_ROOT_CLASS = YES_ERROR;
				CLANG_WARN_RANGE_LOOP_ANALYSIS = YES;
				CLANG_WARN_STRICT_PROTOTYPES = YES;
				CLANG_WARN_SUSPICIOUS_MOVE = YES;
				CLANG_WARN_UNREACHABLE_CODE = YES;
				CLANG_WARN__DUPLICATE_METHOD_MATCH = YES;
				COPY_PHASE_STRIP = NO;
				DEBUG_INFORMATION_FORMAT = "dwarf-with-dsym";
				ENABLE_NS_ASSERTIONS = NO;
				ENABLE_STRICT_OBJC_MSGSEND = YES;
				GCC_C_LANGUAGE_STANDARD = gnu99;
				GCC_NO_COMMON_BLOCKS = YES;
				GCC_WARN_64_TO_32_BIT_CONVERSION = YES;
				GCC_WARN_ABOUT_RETURN_TYPE = YES_ERROR;
				GCC_WARN_UNDECLARED_SELECTOR = YES;
				GCC_WARN_UNINITIALIZED_AUTOS = YES_AGGRESSIVE;
				GCC_WARN_UNUSED_FUNCTION = YES;
				GCC_WARN_UNUSED_VARIABLE = YES;
				IPHONEOS_DEPLOYMENT_TARGET = 8.3;
				MTL_ENABLE_DEBUG_INFO = NO;
				SDKROOT = iphoneos;
				VALIDATE_PRODUCT = YES;
			};
			name = Release;
		};
		42A6ECDC1B4026A0006540E8 /* Debug */ = {
			isa = XCBuildConfiguration;
			baseConfigurationReference = 7254E3BF3265AC3B774FD766 /* Pods-UIImageView+ALActivityIndicatorView.debug.xcconfig */;
			buildSettings = {
				OTHER_LDFLAGS = "-ObjC";
				PRODUCT_NAME = "$(TARGET_NAME)";
				SKIP_INSTALL = YES;
			};
			name = Debug;
		};
		42A6ECDD1B4026A0006540E8 /* Release */ = {
			isa = XCBuildConfiguration;
			baseConfigurationReference = E1BC93D88584F0F94ED7648C /* Pods-UIImageView+ALActivityIndicatorView.release.xcconfig */;
			buildSettings = {
				OTHER_LDFLAGS = "-ObjC";
				PRODUCT_NAME = "$(TARGET_NAME)";
				SKIP_INSTALL = YES;
			};
			name = Release;
		};
		42A6ECDF1B4026A0006540E8 /* Debug */ = {
			isa = XCBuildConfiguration;
			baseConfigurationReference = 606F7EE6516FE1620D5ABD98 /* Pods-UIImageView+ALActivityIndicatorViewTests.debug.xcconfig */;
			buildSettings = {
				"CODE_SIGN_IDENTITY[sdk=iphoneos*]" = "iPhone Developer";
				FRAMEWORK_SEARCH_PATHS = (
					"$(SDKROOT)/Developer/Library/Frameworks",
					"$(inherited)",
				);
				GCC_PREPROCESSOR_DEFINITIONS = (
					"DEBUG=1",
					"$(inherited)",
				);
				INFOPLIST_FILE = "UIImageView+ALActivityIndicatorViewTests/Info.plist";
				LD_RUNPATH_SEARCH_PATHS = "$(inherited) @executable_path/Frameworks @loader_path/Frameworks";
				PRODUCT_BUNDLE_IDENTIFIER = "com.jrg-developer.$(PRODUCT_NAME:rfc1034identifier)";
				PRODUCT_NAME = "$(TARGET_NAME)";
			};
			name = Debug;
		};
		42A6ECE01B4026A0006540E8 /* Release */ = {
			isa = XCBuildConfiguration;
			baseConfigurationReference = 583615D989C9EE93C551E2DB /* Pods-UIImageView+ALActivityIndicatorViewTests.release.xcconfig */;
			buildSettings = {
				"CODE_SIGN_IDENTITY[sdk=iphoneos*]" = "iPhone Developer";
				FRAMEWORK_SEARCH_PATHS = (
					"$(SDKROOT)/Developer/Library/Frameworks",
					"$(inherited)",
				);
				INFOPLIST_FILE = "UIImageView+ALActivityIndicatorViewTests/Info.plist";
				LD_RUNPATH_SEARCH_PATHS = "$(inherited) @executable_path/Frameworks @loader_path/Frameworks";
				PRODUCT_BUNDLE_IDENTIFIER = "com.jrg-developer.$(PRODUCT_NAME:rfc1034identifier)";
				PRODUCT_NAME = "$(TARGET_NAME)";
			};
			name = Release;
		};
/* End XCBuildConfiguration section */

/* Begin XCConfigurationList section */
		42A6ECC21B4026A0006540E8 /* Build configuration list for PBXProject "UIImageView+ALActivityIndicatorView" */ = {
			isa = XCConfigurationList;
			buildConfigurations = (
				42A6ECD91B4026A0006540E8 /* Debug */,
				42A6ECDA1B4026A0006540E8 /* Release */,
			);
			defaultConfigurationIsVisible = 0;
			defaultConfigurationName = Release;
		};
		42A6ECDB1B4026A0006540E8 /* Build configuration list for PBXNativeTarget "UIImageView+ALActivityIndicatorView" */ = {
			isa = XCConfigurationList;
			buildConfigurations = (
				42A6ECDC1B4026A0006540E8 /* Debug */,
				42A6ECDD1B4026A0006540E8 /* Release */,
			);
			defaultConfigurationIsVisible = 0;
			defaultConfigurationName = Release;
		};
		42A6ECDE1B4026A0006540E8 /* Build configuration list for PBXNativeTarget "UIImageView+ALActivityIndicatorViewTests" */ = {
			isa = XCConfigurationList;
			buildConfigurations = (
				42A6ECDF1B4026A0006540E8 /* Debug */,
				42A6ECE01B4026A0006540E8 /* Release */,
			);
			defaultConfigurationIsVisible = 0;
			defaultConfigurationName = Release;
		};
/* End XCConfigurationList section */
	};
	rootObject = 42A6ECBF1B4026A0006540E8 /* Project object */;
}
